{
  "lockfileVersion": 1,
  "configVersion": 0,
  "workspaces": {
    "": {
      "name": "@carteramesh/ci",
      "dependencies": {
        "@dougefresh/ci": "latest",
      },
      "devDependencies": {
        "@types/bun": "^1.3.9",
        "@types/node": "^24.10.13",
        "@typescript/native-preview": "latest",
      },
    },
  },
  "packages": {
    "@dougefresh/ci": ["@dougefresh/ci@0.1.21", "", {}, "sha512-+tqo3+urgmd/Avk2ShCgnxHShN55aVYdXu3wijCaN9+7INeHnhh//oNzUVRtCM/owT/5cNKXYwitbDjfqxZ9mw=="],

    "@types/bun": ["@types/bun@1.3.9", "", { "dependencies": { "bun-types": "1.3.9" } }, "sha512-KQ571yULOdWJiMH+RIWIOZ7B2RXQGpL1YQrBtLIV3FqDcCu6FsbFUBwhdKUlCKUpS3PJDsHlJ1QKlpxoVR+xtw=="],

    "@types/node": ["@types/node@24.10.13", "", { "dependencies": { "undici-types": "~7.16.0" } }, "sha512-oH72nZRfDv9lADUBSo104Aq7gPHpQZc4BTx38r9xf9pg5LfP6EzSyH2n7qFmmxRQXh7YlUXODcYsg6PuTDSxGg=="],

    "@typescript/native-preview": ["@typescript/native-preview@7.0.0-dev.20260213.1", "", { "optionalDependencies": { "@typescript/native-preview-darwin-arm64": "7.0.0-dev.20260213.1", "@typescript/native-preview-darwin-x64": "7.0.0-dev.20260213.1", "@typescript/native-preview-linux-arm": "7.0.0-dev.20260213.1", "@typescript/native-preview-linux-arm64": "7.0.0-dev.20260213.1", "@typescript/native-preview-linux-x64": "7.0.0-dev.20260213.1", "@typescript/native-preview-win32-arm64": "7.0.0-dev.20260213.1", "@typescript/native-preview-win32-x64": "7.0.0-dev.20260213.1" }, "bin": { "tsgo": "bin/tsgo.js" } }, "sha512-TZ/0Tv954jRpn5IHQJZQF0gaNmw//ZTvkgr3nC2H8u9t4GxUhIk5vfAHVFgdl8JnNGbl7gZks37FVsEwXjdHqg=="],

    "@typescript/native-preview-darwin-arm64": ["@typescript/native-preview-darwin-arm64@7.0.0-dev.20260213.1", "", { "os": "darwin", "cpu": "arm64" }, "sha512-nqfuHgFZ8MvaHeb1XOkAGIGc6cR91dwQdlHmlbH918n63JguKzkYjzzulpr48IVn1SVewGwjtfs1moCpaDpWcg=="],

    "@typescript/native-preview-darwin-x64": ["@typescript/native-preview-darwin-x64@7.0.0-dev.20260213.1", "", { "os": "darwin", "cpu": "x64" }, "sha512-JDVDVLPIYhYZR12omTKwzKbdw+wnPEtLnkmM+nioqbISlV29fg7IBgFx0/mf1D+Gz1ztUQVHDTqw4GEgOZ9VTg=="],

    "@typescript/native-preview-linux-arm": ["@typescript/native-preview-linux-arm@7.0.0-dev.20260213.1", "", { "os": "linux", "cpu": "arm" }, "sha512-O6iVB8tTnLZJVYrChH6VJuCwqAa2ObWVdMtrKQw5UtmLXBhsOhZ3isttSuGzQrPfTiGN091IdW1KuRi8Ft1lnQ=="],

    "@typescript/native-preview-linux-arm64": ["@typescript/native-preview-linux-arm64@7.0.0-dev.20260213.1", "", { "os": "linux", "cpu": "arm64" }, "sha512-d7Gwl8W4aics0KI4H0zz3TP1ngnP8L5COND0TPBZ7ifWVrxKDNSLhF2V9OuStW43RPfA4Gzik9iIv+l0Lg+eGw=="],

    "@typescript/native-preview-linux-x64": ["@typescript/native-preview-linux-x64@7.0.0-dev.20260213.1", "", { "os": "linux", "cpu": "x64" }, "sha512-Aq55fID1fE5/8K4XvfVddgw8LKUgY3kp5IOb+QEklfyle4MuAV5gtat3MnEv9XMbiidk8iKVxYrYASlUQEQzDw=="],

    "@typescript/native-preview-win32-arm64": ["@typescript/native-preview-win32-arm64@7.0.0-dev.20260213.1", "", { "os": "win32", "cpu": "arm64" }, "sha512-VlyULgXApmGMSqAANjskGx0AcjHchf3I8rhZ47AxF/XKAkZPe/5ewfleJ97iln7dg1UL3lq2cJY2CXxU+JPcFQ=="],

    "@typescript/native-preview-win32-x64": ["@typescript/native-preview-win32-x64@7.0.0-dev.20260213.1", "", { "os": "win32", "cpu": "x64" }, "sha512-lEtWvZDa2oCgqJ2gbP6BRLUeTyHLyrt5BfJmVlvmVSTZzdoBpFROJdp9yprsa2Zry2o5GK8HFAxd3RlvxkOU5Q=="],

    "bun-types": ["bun-types@1.3.9", "", { "dependencies": { "@types/node": "*" } }, "sha512-+UBWWOakIP4Tswh0Bt0QD0alpTY8cb5hvgiYeWCMet9YukHbzuruIEeXC2D7nMJPB12kbh8C7XJykSexEqGKJg=="],

    "undici-types": ["undici-types@7.16.0", "", {}, "sha512-Zz+aZWSj8LE6zoxD+xrjh4VfkIG8Ya6LvYkZqtUQGJPZjYl53ypCaUwWqo7eI0x66KBGeRo+mlBEkMSeSZ38Nw=="],
  }
}
