{
  "lockfileVersion": 1,
  "configVersion": 0,
  "workspaces": {
    "": {
      "name": "@carteramesh/ci",
      "dependencies": {
        "@dougefresh/ci": "latest",
      },
      "devDependencies": {
        "@types/bun": "^1.3.9",
        "@types/node": "^24.10.13",
        "@typescript/native-preview": "latest",
      },
    },
  },
  "packages": {
    "@dougefresh/ci": ["@dougefresh/ci@0.1.24", "", {}, "sha512-HGpr/CrfYpnin28FI8d+go1DadI7euPAenjy9nPBUSFo+6FlhlYyDWlMvCOsZNMWBuwrTh0JX6SajunX7fmn2g=="],

    "@types/bun": ["@types/bun@1.3.9", "", { "dependencies": { "bun-types": "1.3.9" } }, "sha512-KQ571yULOdWJiMH+RIWIOZ7B2RXQGpL1YQrBtLIV3FqDcCu6FsbFUBwhdKUlCKUpS3PJDsHlJ1QKlpxoVR+xtw=="],

    "@types/node": ["@types/node@24.10.13", "", { "dependencies": { "undici-types": "~7.16.0" } }, "sha512-oH72nZRfDv9lADUBSo104Aq7gPHpQZc4BTx38r9xf9pg5LfP6EzSyH2n7qFmmxRQXh7YlUXODcYsg6PuTDSxGg=="],

    "@typescript/native-preview": ["@typescript/native-preview@7.0.0-dev.20260214.1", "", { "optionalDependencies": { "@typescript/native-preview-darwin-arm64": "7.0.0-dev.20260214.1", "@typescript/native-preview-darwin-x64": "7.0.0-dev.20260214.1", "@typescript/native-preview-linux-arm": "7.0.0-dev.20260214.1", "@typescript/native-preview-linux-arm64": "7.0.0-dev.20260214.1", "@typescript/native-preview-linux-x64": "7.0.0-dev.20260214.1", "@typescript/native-preview-win32-arm64": "7.0.0-dev.20260214.1", "@typescript/native-preview-win32-x64": "7.0.0-dev.20260214.1" }, "bin": { "tsgo": "bin/tsgo.js" } }, "sha512-BDM0ZLf2v6ilR0tDi8OMEr4X08lFCToPk3/p1SSE4GhagzmlU/5b+9slR0kKtaKMrds01FhvaKx6U9+NmAWgbQ=="],

    "@typescript/native-preview-darwin-arm64": ["@typescript/native-preview-darwin-arm64@7.0.0-dev.20260214.1", "", { "os": "darwin", "cpu": "arm64" }, "sha512-Jb2WcLGpTOC6x58e8QPYC/14xmDbnbFIuKqUvYoI77hVtojVyxZi8L5Y4CgYqXYx8vRWmIFk35c1OGdtPip6Sg=="],

    "@typescript/native-preview-darwin-x64": ["@typescript/native-preview-darwin-x64@7.0.0-dev.20260214.1", "", { "os": "darwin", "cpu": "x64" }, "sha512-O9l2gVuQFZsb8NIQtu0HN5Tn/Hw2fwylPOPS/0Y4oW+FUMhkqtvetUkb3zZ0qj7capilZ4YnmyGYg3TDqkP4Nw=="],

    "@typescript/native-preview-linux-arm": ["@typescript/native-preview-linux-arm@7.0.0-dev.20260214.1", "", { "os": "linux", "cpu": "arm" }, "sha512-TaFrVnx3iXtl/oH1hzwvFyqWj9tzkjW8Ufl2m0Vx2/7GXnzZadm2KA6tFpGbzzWbZJznmXxKHL4O3AZRQYyZqQ=="],

    "@typescript/native-preview-linux-arm64": ["@typescript/native-preview-linux-arm64@7.0.0-dev.20260214.1", "", { "os": "linux", "cpu": "arm64" }, "sha512-Hl4e3yxJqzIGgFI8aH/rLGW+a7kSLHJCpAd5JOLG7hHKnamZF4SjlunnoHLV4IcMri+G6UE3W/84i0QvQP5wLA=="],

    "@typescript/native-preview-linux-x64": ["@typescript/native-preview-linux-x64@7.0.0-dev.20260214.1", "", { "os": "linux", "cpu": "x64" }, "sha512-a/JypIXTc/tdodhYdQm24WH6aTfnJJjDbwxce4BS2g6IzYSc2GFcZBvlq1CJYS2FAVLpiSxj0OFAZmgjpCDAKg=="],

    "@typescript/native-preview-win32-arm64": ["@typescript/native-preview-win32-arm64@7.0.0-dev.20260214.1", "", { "os": "win32", "cpu": "arm64" }, "sha512-MJGPEDvdXj8olcWH0P+cWYcaN4r/0J4aSbcaISlen3MZ/2hrrgNl46PV4eGJKKCDniY2pH2fJzrMyJWZOcdb0w=="],

    "@typescript/native-preview-win32-x64": ["@typescript/native-preview-win32-x64@7.0.0-dev.20260214.1", "", { "os": "win32", "cpu": "x64" }, "sha512-BtF48TRUyiCKznlOcQ7r7EXhonGSanm9X2eu7d8Yq1vaWO5SDgB0e+ISQXSoIfs3a1S3d5S5QV/vTE4+vocPxA=="],

    "bun-types": ["bun-types@1.3.9", "", { "dependencies": { "@types/node": "*" } }, "sha512-+UBWWOakIP4Tswh0Bt0QD0alpTY8cb5hvgiYeWCMet9YukHbzuruIEeXC2D7nMJPB12kbh8C7XJykSexEqGKJg=="],

    "undici-types": ["undici-types@7.16.0", "", {}, "sha512-Zz+aZWSj8LE6zoxD+xrjh4VfkIG8Ya6LvYkZqtUQGJPZjYl53ypCaUwWqo7eI0x66KBGeRo+mlBEkMSeSZ38Nw=="],
  }
}
