{
  "lockfileVersion": 1,
  "configVersion": 0,
  "workspaces": {
    "": {
      "name": "@carteramesh/ci",
      "dependencies": {
        "@dougefresh/ci": "latest",
      },
      "devDependencies": {
        "@types/bun": "^1.3.9",
        "@types/node": "^24.10.13",
        "@typescript/native-preview": "latest",
      },
    },
  },
  "packages": {
    "@dougefresh/ci": ["@dougefresh/ci@0.1.25", "", {}, "sha512-IsLlef93TKh3e4dNsjorNmWQ4a9LLV+oRa5ephc7VSDUwbbSSpBJL98FQiWVFuCmDCqK5dlhdmNpD7KvcZP3Gg=="],

    "@types/bun": ["@types/bun@1.3.9", "", { "dependencies": { "bun-types": "1.3.9" } }, "sha512-KQ571yULOdWJiMH+RIWIOZ7B2RXQGpL1YQrBtLIV3FqDcCu6FsbFUBwhdKUlCKUpS3PJDsHlJ1QKlpxoVR+xtw=="],

    "@types/node": ["@types/node@24.10.13", "", { "dependencies": { "undici-types": "~7.16.0" } }, "sha512-oH72nZRfDv9lADUBSo104Aq7gPHpQZc4BTx38r9xf9pg5LfP6EzSyH2n7qFmmxRQXh7YlUXODcYsg6PuTDSxGg=="],

    "@typescript/native-preview": ["@typescript/native-preview@7.0.0-dev.20260217.1", "", { "optionalDependencies": { "@typescript/native-preview-darwin-arm64": "7.0.0-dev.20260217.1", "@typescript/native-preview-darwin-x64": "7.0.0-dev.20260217.1", "@typescript/native-preview-linux-arm": "7.0.0-dev.20260217.1", "@typescript/native-preview-linux-arm64": "7.0.0-dev.20260217.1", "@typescript/native-preview-linux-x64": "7.0.0-dev.20260217.1", "@typescript/native-preview-win32-arm64": "7.0.0-dev.20260217.1", "@typescript/native-preview-win32-x64": "7.0.0-dev.20260217.1" }, "bin": { "tsgo": "bin/tsgo.js" } }, "sha512-czUniBl1MsempdDkeDwfKThhHkeQzyLxn2aVcsCTSk2Ys84M8yy2eRdUZQrufwLL1Etcz+bv3SvZbBMcnPk/Ig=="],

    "@typescript/native-preview-darwin-arm64": ["@typescript/native-preview-darwin-arm64@7.0.0-dev.20260217.1", "", { "os": "darwin", "cpu": "arm64" }, "sha512-Mj8Mh+aTaGWURK65VuMxyOBhy+9OfXCHCL63zJPr/PqTNKub+GgGpGYKfSlbDBkqkB8UgURlI2CDRUoyOfvufQ=="],

    "@typescript/native-preview-darwin-x64": ["@typescript/native-preview-darwin-x64@7.0.0-dev.20260217.1", "", { "os": "darwin", "cpu": "x64" }, "sha512-txn4CJ7/zj+WcSdDL5nshs9he7M0DF5qZBU5glWAJP+uIZmRSyuxDoWZqtjrzmX+vs5IOzyKgYcDsBYFkjybwA=="],

    "@typescript/native-preview-linux-arm": ["@typescript/native-preview-linux-arm@7.0.0-dev.20260217.1", "", { "os": "linux", "cpu": "arm" }, "sha512-gw+O550PhazyzsAi/oq1xztMM1PWSXtxq38tN15e/dRh0BXOt0bDUoEgIzFD0L5OkmiOlEIknROqvAVNa4QH3g=="],

    "@typescript/native-preview-linux-arm64": ["@typescript/native-preview-linux-arm64@7.0.0-dev.20260217.1", "", { "os": "linux", "cpu": "arm64" }, "sha512-aGCr3/g1ktJ+IRjLEWTdNmG3H2iwPWt9tBu7spRnIIvDcdlEHFf8NQ2Mwn3n54bVnXAN5nYxZmM7WEYYfNvD6w=="],

    "@typescript/native-preview-linux-x64": ["@typescript/native-preview-linux-x64@7.0.0-dev.20260217.1", "", { "os": "linux", "cpu": "x64" }, "sha512-KAE4W+5VVRagA+xI6AxCSMVx2zb+8t15lMcB1cH5rIU2ZpnYa8K2ZXpSRMZGKNIFzcg6tKF9RyZvh4zMwZDnkQ=="],

    "@typescript/native-preview-win32-arm64": ["@typescript/native-preview-win32-arm64@7.0.0-dev.20260217.1", "", { "os": "win32", "cpu": "arm64" }, "sha512-KUYWl+0tYShKoFKp0BAxECmLClT7qnhN5UEW9tsSih9tDka//qnQcWFx452Rw3fiQCqXjkntgwFFXrrvltQMpQ=="],

    "@typescript/native-preview-win32-x64": ["@typescript/native-preview-win32-x64@7.0.0-dev.20260217.1", "", { "os": "win32", "cpu": "x64" }, "sha512-bje8xm+b0q3OSCY01/MZdDBnVISURunL9rCAob8pAu8qtRMvKYGWUsYwTH+fXGUViPAmdlafFd2E82K9VJYmHA=="],

    "bun-types": ["bun-types@1.3.9", "", { "dependencies": { "@types/node": "*" } }, "sha512-+UBWWOakIP4Tswh0Bt0QD0alpTY8cb5hvgiYeWCMet9YukHbzuruIEeXC2D7nMJPB12kbh8C7XJykSexEqGKJg=="],

    "undici-types": ["undici-types@7.16.0", "", {}, "sha512-Zz+aZWSj8LE6zoxD+xrjh4VfkIG8Ya6LvYkZqtUQGJPZjYl53ypCaUwWqo7eI0x66KBGeRo+mlBEkMSeSZ38Nw=="],
  }
}
